
Microsoft Visual Studio Solution File, Format Version 12.00
# Visual Studio Version 17
VisualStudioVersion = 17.5.002.0
MinimumVisualStudioVersion = 10.0.40219.1
Project("{2150E333-8FDC-42A3-9474-1A3956D46DE8}") = "csharp-prep", "csharp-prep", "{04B5B0C0-6120-4C54-88AA-B82641CCD73A}"
EndProject
Project("{9A19103F-16F7-4668-BE54-9A1E7A4F7556}") = "Prep1", "csharp-prep\Prep1\Prep1.csproj", "{ADA5739E-E239-481C-AF9F-0CFABE444CD0}"
EndProject
Project("{9A19103F-16F7-4668-BE54-9A1E7A4F7556}") = "Prep2", "csharp-prep\Prep2\Prep2.csproj", "{A411FE80-A54E-480F-B414-AFB651B8103B}"
EndProject
Project("{9A19103F-16F7-4668-BE54-9A1E7A4F7556}") = "Prep3", "csharp-prep\Prep3\Prep3.csproj", "{382AF719-8657-479F-97E0-F33478272B97}"
EndProject
Project("{9A19103F-16F7-4668-BE54-9A1E7A4F7556}") = "Prep4", "csharp-prep\Prep4\Prep4.csproj", "{B924928E-AA2D-4D27-A568-4A3CAD9A9521}"
EndProject
Project("{9A19103F-16F7-4668-BE54-9A1E7A4F7556}") = "Prep5", "csharp-prep\Prep5\Prep5.csproj", "{3775BD49-C133-4B69-8276-9655C57B66A9}"
EndProject
Project("{2150E333-8FDC-42A3-9474-1A3956D46DE8}") = "final", "final", "{40C01B5E-2435-4977-B700-7EEE2334D93A}"
EndProject
Project("{9A19103F-16F7-4668-BE54-9A1E7A4F7556}") = "FinalProject", "final\FinalProject\FinalProject.csproj", "{03744981-242E-475C-B136-1459185E46BE}"
EndProject
Project("{9A19103F-16F7-4668-BE54-9A1E7A4F7556}") = "Foundation1", "final\Foundation1\Foundation1.csproj", "{F73DFC32-D345-4768-B16F-8F40C28174EE}"
EndProject
Project("{9A19103F-16F7-4668-BE54-9A1E7A4F7556}") = "Foundation2", "final\Foundation2\Foundation2.csproj", "{26610881-E1FC-4385-A5B0-1EB42A6DD6B0}"
EndProject
Project("{9A19103F-16F7-4668-BE54-9A1E7A4F7556}") = "Foundation3", "final\Foundation3\Foundation3.csproj", "{6D00C3B9-3E8C-4D72-A989-18A61EF2BD75}"
EndProject
Project("{9A19103F-16F7-4668-BE54-9A1E7A4F7556}") = "Foundation4", "final\Foundation4\Foundation4.csproj", "{02AB8B66-4E19-46C8-9699-660C6EC2B12A}"
EndProject
Project("{2150E333-8FDC-42A3-9474-1A3956D46DE8}") = "prepare", "prepare", "{5B8DC691-7BAB-465F-8C86-A184EFE64306}"
EndProject
Project("{9A19103F-16F7-4668-BE54-9A1E7A4F7556}") = "Learning02", "prepare\Learning02\Learning02.csproj", "{8ECF5D0A-69D1-44D4-95F7-77F6DD553DDE}"
EndProject
Project("{9A19103F-16F7-4668-BE54-9A1E7A4F7556}") = "Learning03", "prepare\Learning03\Learning03.csproj", "{C2AE53FB-4B87-417C-BFC7-7E64ED7F897A}"
EndProject
Project("{9A19103F-16F7-4668-BE54-9A1E7A4F7556}") = "Learning04", "prepare\Learning04\Learning04.csproj", "{7486A802-D6CA-4259-9F8B-D04B5D04F2EB}"
EndProject
Project("{9A19103F-16F7-4668-BE54-9A1E7A4F7556}") = "Learning05", "prepare\Learning05\Learning05.csproj", "{FA23BFB2-D81D-495F-BBBE-FE76183F1BB6}"
EndProject
Project("{2150E333-8FDC-42A3-9474-1A3956D46DE8}") = "prove", "prove", "{2D387ECE-5368-4A67-9167-BF970BB9A422}"
EndProject
Project("{9A19103F-16F7-4668-BE54-9A1E7A4F7556}") = "Develop02", "prove\Develop02\Develop02.csproj", "{38678A2B-BC82-4680-8251-06DA0AD59E2D}"
EndProject
Project("{9A19103F-16F7-4668-BE54-9A1E7A4F7556}") = "Develop03", "prove\Develop03\Develop03.csproj", "{5B06C54E-0C6D-4B4F-9F25-422893E6C702}"
EndProject
Project("{9A19103F-16F7-4668-BE54-9A1E7A4F7556}") = "Develop04", "prove\Develop04\Develop04.csproj", "{C0153F8A-3695-4DF4-8ABE-C8EF62233EBF}"
EndProject
Project("{9A19103F-16F7-4668-BE54-9A1E7A4F7556}") = "Develop05", "prove\Develop05\Develop05.csproj", "{A3D9E663-6337-4589-81B1-F7B34750BA06}"
EndProject
Project("{2150E333-8FDC-42A3-9474-1A3956D46DE8}") = "sandbox", "sandbox", "{5B7FFEF2-2D22-4774-8C70-CFD3EB556FB9}"
EndProject
Project("{9A19103F-16F7-4668-BE54-9A1E7A4F7556}") = "Sandbox", "sandbox\Sandbox\Sandbox.csproj", "{85360CF1-30D5-4565-885F-A68172C88BCB}"
EndProject
Global
	GlobalSection(SolutionConfigurationPlatforms) = preSolution
		Debug|Any CPU = Debug|Any CPU
		Release|Any CPU = Release|Any CPU
	EndGlobalSection
	GlobalSection(ProjectConfigurationPlatforms) = postSolution
		{ADA5739E-E239-481C-AF9F-0CFABE444CD0}.Debug|Any CPU.ActiveCfg = Debug|Any CPU
		{ADA5739E-E239-481C-AF9F-0CFABE444CD0}.Debug|Any CPU.Build.0 = Debug|Any CPU
		{ADA5739E-E239-481C-AF9F-0CFABE444CD0}.Release|Any CPU.ActiveCfg = Release|Any CPU
		{ADA5739E-E239-481C-AF9F-0CFABE444CD0}.Release|Any CPU.Build.0 = Release|Any CPU
		{A411FE80-A54E-480F-B414-AFB651B8103B}.Debug|Any CPU.ActiveCfg = Debug|Any CPU
		{A411FE80-A54E-480F-B414-AFB651B8103B}.Debug|Any CPU.Build.0 = Debug|Any CPU
		{A411FE80-A54E-480F-B414-AFB651B8103B}.Release|Any CPU.ActiveCfg = Release|Any CPU
		{A411FE80-A54E-480F-B414-AFB651B8103B}.Release|Any CPU.Build.0 = Release|Any CPU
		{382AF719-8657-479F-97E0-F33478272B97}.Debug|Any CPU.ActiveCfg = Debug|Any CPU
		{382AF719-8657-479F-97E0-F33478272B97}.Debug|Any CPU.Build.0 = Debug|Any CPU
		{382AF719-8657-479F-97E0-F33478272B97}.Release|Any CPU.ActiveCfg = Release|Any CPU
		{382AF719-8657-479F-97E0-F33478272B97}.Release|Any CPU.Build.0 = Release|Any CPU
		{B924928E-AA2D-4D27-A568-4A3CAD9A9521}.Debug|Any CPU.ActiveCfg = Debug|Any CPU
		{B924928E-AA2D-4D27-A568-4A3CAD9A9521}.Debug|Any CPU.Build.0 = Debug|Any CPU
		{B924928E-AA2D-4D27-A568-4A3CAD9A9521}.Release|Any CPU.ActiveCfg = Release|Any CPU
		{B924928E-AA2D-4D27-A568-4A3CAD9A9521}.Release|Any CPU.Build.0 = Release|Any CPU
		{3775BD49-C133-4B69-8276-9655C57B66A9}.Debug|Any CPU.ActiveCfg = Debug|Any CPU
		{3775BD49-C133-4B69-8276-9655C57B66A9}.Debug|Any CPU.Build.0 = Debug|Any CPU
		{3775BD49-C133-4B69-8276-9655C57B66A9}.Release|Any CPU.ActiveCfg = Release|Any CPU
		{3775BD49-C133-4B69-8276-9655C57B66A9}.Release|Any CPU.Build.0 = Release|Any CPU
		{03744981-242E-475C-B136-1459185E46BE}.Debug|Any CPU.ActiveCfg = Debug|Any CPU
		{03744981-242E-475C-B136-1459185E46BE}.Debug|Any CPU.Build.0 = Debug|Any CPU
		{03744981-242E-475C-B136-1459185E46BE}.Release|Any CPU.ActiveCfg = Release|Any CPU
		{03744981-242E-475C-B136-1459185E46BE}.Release|Any CPU.Build.0 = Release|Any CPU
		{F73DFC32-D345-4768-B16F-8F40C28174EE}.Debug|Any CPU.ActiveCfg = Debug|Any CPU
		{F73DFC32-D345-4768-B16F-8F40C28174EE}.Debug|Any CPU.Build.0 = Debug|Any CPU
		{F73DFC32-D345-4768-B16F-8F40C28174EE}.Release|Any CPU.ActiveCfg = Release|Any CPU
		{F73DFC32-D345-4768-B16F-8F40C28174EE}.Release|Any CPU.Build.0 = Release|Any CPU
		{26610881-E1FC-4385-A5B0-1EB42A6DD6B0}.Debug|Any CPU.ActiveCfg = Debug|Any CPU
		{26610881-E1FC-4385-A5B0-1EB42A6DD6B0}.Debug|Any CPU.Build.0 = Debug|Any CPU
		{26610881-E1FC-4385-A5B0-1EB42A6DD6B0}.Release|Any CPU.ActiveCfg = Release|Any CPU
		{26610881-E1FC-4385-A5B0-1EB42A6DD6B0}.Release|Any CPU.Build.0 = Release|Any CPU
		{6D00C3B9-3E8C-4D72-A989-18A61EF2BD75}.Debug|Any CPU.ActiveCfg = Debug|Any CPU
		{6D00C3B9-3E8C-4D72-A989-18A61EF2BD75}.Debug|Any CPU.Build.0 = Debug|Any CPU
		{6D00C3B9-3E8C-4D72-A989-18A61EF2BD75}.Release|Any CPU.ActiveCfg = Release|Any CPU
		{6D00C3B9-3E8C-4D72-A989-18A61EF2BD75}.Release|Any CPU.Build.0 = Release|Any CPU
		{02AB8B66-4E19-46C8-9699-660C6EC2B12A}.Debug|Any CPU.ActiveCfg = Debug|Any CPU
		{02AB8B66-4E19-46C8-9699-660C6EC2B12A}.Debug|Any CPU.Build.0 = Debug|Any CPU
		{02AB8B66-4E19-46C8-9699-660C6EC2B12A}.Release|Any CPU.ActiveCfg = Release|Any CPU
		{02AB8B66-4E19-46C8-9699-660C6EC2B12A}.Release|Any CPU.Build.0 = Release|Any CPU
		{8ECF5D0A-69D1-44D4-95F7-77F6DD553DDE}.Debug|Any CPU.ActiveCfg = Debug|Any CPU
		{8ECF5D0A-69D1-44D4-95F7-77F6DD553DDE}.Debug|Any CPU.Build.0 = Debug|Any CPU
		{8ECF5D0A-69D1-44D4-95F7-77F6DD553DDE}.Release|Any CPU.ActiveCfg = Release|Any CPU
		{8ECF5D0A-69D1-44D4-95F7-77F6DD553DDE}.Release|Any CPU.Build.0 = Release|Any CPU
		{C2AE53FB-4B87-417C-BFC7-7E64ED7F897A}.Debug|Any CPU.ActiveCfg = Debug|Any CPU
		{C2AE53FB-4B87-417C-BFC7-7E64ED7F897A}.Debug|Any CPU.Build.0 = Debug|Any CPU
		{C2AE53FB-4B87-417C-BFC7-7E64ED7F897A}.Release|Any CPU.ActiveCfg = Release|Any CPU
		{C2AE53FB-4B87-417C-BFC7-7E64ED7F897A}.Release|Any CPU.Build.0 = Release|Any CPU
		{7486A802-D6CA-4259-9F8B-D04B5D04F2EB}.Debug|Any CPU.ActiveCfg = Debug|Any CPU
		{7486A802-D6CA-4259-9F8B-D04B5D04F2EB}.Debug|Any CPU.Build.0 = Debug|Any CPU
		{7486A802-D6CA-4259-9F8B-D04B5D04F2EB}.Release|Any CPU.ActiveCfg = Release|Any CPU
		{7486A802-D6CA-4259-9F8B-D04B5D04F2EB}.Release|Any CPU.Build.0 = Release|Any CPU
		{FA23BFB2-D81D-495F-BBBE-FE76183F1BB6}.Debug|Any CPU.ActiveCfg = Debug|Any CPU
		{FA23BFB2-D81D-495F-BBBE-FE76183F1BB6}.Debug|Any CPU.Build.0 = Debug|Any CPU
		{FA23BFB2-D81D-495F-BBBE-FE76183F1BB6}.Release|Any CPU.ActiveCfg = Release|Any CPU
		{FA23BFB2-D81D-495F-BBBE-FE76183F1BB6}.Release|Any CPU.Build.0 = Release|Any CPU
		{38678A2B-BC82-4680-8251-06DA0AD59E2D}.Debug|Any CPU.ActiveCfg = Debug|Any CPU
		{38678A2B-BC82-4680-8251-06DA0AD59E2D}.Debug|Any CPU.Build.0 = Debug|Any CPU
		{38678A2B-BC82-4680-8251-06DA0AD59E2D}.Release|Any CPU.ActiveCfg = Release|Any CPU
		{38678A2B-BC82-4680-8251-06DA0AD59E2D}.Release|Any CPU.Build.0 = Release|Any CPU
		{5B06C54E-0C6D-4B4F-9F25-422893E6C702}.Debug|Any CPU.ActiveCfg = Debug|Any CPU
		{5B06C54E-0C6D-4B4F-9F25-422893E6C702}.Debug|Any CPU.Build.0 = Debug|Any CPU
		{5B06C54E-0C6D-4B4F-9F25-422893E6C702}.Release|Any CPU.ActiveCfg = Release|Any CPU
		{5B06C54E-0C6D-4B4F-9F25-422893E6C702}.Release|Any CPU.Build.0 = Release|Any CPU
		{C0153F8A-3695-4DF4-8ABE-C8EF62233EBF}.Debug|Any CPU.ActiveCfg = Debug|Any CPU
		{C0153F8A-3695-4DF4-8ABE-C8EF62233EBF}.Debug|Any CPU.Build.0 = Debug|Any CPU
		{C0153F8A-3695-4DF4-8ABE-C8EF62233EBF}.Release|Any CPU.ActiveCfg = Release|Any CPU
		{C0153F8A-3695-4DF4-8ABE-C8EF62233EBF}.Release|Any CPU.Build.0 = Release|Any CPU
		{A3D9E663-6337-4589-81B1-F7B34750BA06}.Debug|Any CPU.ActiveCfg = Debug|Any CPU
		{A3D9E663-6337-4589-81B1-F7B34750BA06}.Debug|Any CPU.Build.0 = Debug|Any CPU
		{A3D9E663-6337-4589-81B1-F7B34750BA06}.Release|Any CPU.ActiveCfg = Release|Any CPU
		{A3D9E663-6337-4589-81B1-F7B34750BA06}.Release|Any CPU.Build.0 = Release|Any CPU
		{85360CF1-30D5-4565-885F-A68172C88BCB}.Debug|Any CPU.ActiveCfg = Debug|Any CPU
		{85360CF1-30D5-4565-885F-A68172C88BCB}.Debug|Any CPU.Build.0 = Debug|Any CPU
		{85360CF1-30D5-4565-885F-A68172C88BCB}.Release|Any CPU.ActiveCfg = Release|Any CPU
		{85360CF1-30D5-4565-885F-A68172C88BCB}.Release|Any CPU.Build.0 = Release|Any CPU
	EndGlobalSection
	GlobalSection(SolutionProperties) = preSolution
		HideSolutionNode = FALSE
	EndGlobalSection
	GlobalSection(NestedProjects) = preSolution
		{ADA5739E-E239-481C-AF9F-0CFABE444CD0} = {04B5B0C0-6120-4C54-88AA-B82641CCD73A}
		{A411FE80-A54E-480F-B414-AFB651B8103B} = {04B5B0C0-6120-4C54-88AA-B82641CCD73A}
		{382AF719-8657-479F-97E0-F33478272B97} = {04B5B0C0-6120-4C54-88AA-B82641CCD73A}
		{B924928E-AA2D-4D27-A568-4A3CAD9A9521} = {04B5B0C0-6120-4C54-88AA-B82641CCD73A}
		{3775BD49-C133-4B69-8276-9655C57B66A9} = {04B5B0C0-6120-4C54-88AA-B82641CCD73A}
		{03744981-242E-475C-B136-1459185E46BE} = {40C01B5E-2435-4977-B700-7EEE2334D93A}
		{F73DFC32-D345-4768-B16F-8F40C28174EE} = {40C01B5E-2435-4977-B700-7EEE2334D93A}
		{26610881-E1FC-4385-A5B0-1EB42A6DD6B0} = {40C01B5E-2435-4977-B700-7EEE2334D93A}
		{6D00C3B9-3E8C-4D72-A989-18A61EF2BD75} = {40C01B5E-2435-4977-B700-7EEE2334D93A}
		{02AB8B66-4E19-46C8-9699-660C6EC2B12A} = {40C01B5E-2435-4977-B700-7EEE2334D93A}
		{8ECF5D0A-69D1-44D4-95F7-77F6DD553DDE} = {5B8DC691-7BAB-465F-8C86-A184EFE64306}
		{C2AE53FB-4B87-417C-BFC7-7E64ED7F897A} = {5B8DC691-7BAB-465F-8C86-A184EFE64306}
		{7486A802-D6CA-4259-9F8B-D04B5D04F2EB} = {5B8DC691-7BAB-465F-8C86-A184EFE64306}
		{FA23BFB2-D81D-495F-BBBE-FE76183F1BB6} = {5B8DC691-7BAB-465F-8C86-A184EFE64306}
		{38678A2B-BC82-4680-8251-06DA0AD59E2D} = {2D387ECE-5368-4A67-9167-BF970BB9A422}
		{5B06C54E-0C6D-4B4F-9F25-422893E6C702} = {2D387ECE-5368-4A67-9167-BF970BB9A422}
		{C0153F8A-3695-4DF4-8ABE-C8EF62233EBF} = {2D387ECE-5368-4A67-9167-BF970BB9A422}
		{A3D9E663-6337-4589-81B1-F7B34750BA06} = {2D387ECE-5368-4A67-9167-BF970BB9A422}
		{85360CF1-30D5-4565-885F-A68172C88BCB} = {5B7FFEF2-2D22-4774-8C70-CFD3EB556FB9}
	EndGlobalSection
	GlobalSection(ExtensibilityGlobals) = postSolution
		SolutionGuid = {4F677A07-089A-4F84-AD54-7BF22043710C}
	EndGlobalSection
EndGlobal
